
Microsoft Visual Studio Solution File, Format Version 12.00
# Visual Studio Version 16
VisualStudioVersion = 16.0.30717.126
MinimumVisualStudioVersion = 10.0.40219.1
Project("{9A19103F-16F7-4668-BE54-9A1E7A4F7556}") = "AdventHelper", "AdventHelper\AdventHelper.csproj", "{C97A0D8D-307D-4B8C-8338-4C417F6C329E}"
EndProject
Project("{9A19103F-16F7-4668-BE54-9A1E7A4F7556}") = "2020-01", "2020-01\2020-01.csproj", "{6A38588D-BE0E-4DAF-9326-C16205253F15}"
EndProject
Project("{9A19103F-16F7-4668-BE54-9A1E7A4F7556}") = "2020-02", "2020-02\2020-02.csproj", "{F3DCE64D-30DE-40B0-8104-DC8139BECE6E}"
EndProject
Project("{9A19103F-16F7-4668-BE54-9A1E7A4F7556}") = "2020-03", "2020-03\2020-03.csproj", "{CEE3E3B4-5970-42DD-A56C-9EBBBCC93A37}"
EndProject
Project("{9A19103F-16F7-4668-BE54-9A1E7A4F7556}") = "2020-04", "2020-04\2020-04.csproj", "{62948221-A868-4393-86F1-56D4B3FB5462}"
EndProject
Project("{9A19103F-16F7-4668-BE54-9A1E7A4F7556}") = "2020-05", "2020-05\2020-05.csproj", "{6D1C9B91-052F-45AD-AF01-989BB697B2B5}"
EndProject
Project("{9A19103F-16F7-4668-BE54-9A1E7A4F7556}") = "2020-06", "2020-06\2020-06.csproj", "{147E7BD4-3289-4E36-A411-8CCEA3FB3C41}"
EndProject
Project("{9A19103F-16F7-4668-BE54-9A1E7A4F7556}") = "2020-07", "2020-07\2020-07.csproj", "{E552833F-C195-429E-97BA-2E73CC8254D0}"
EndProject
Project("{2150E333-8FDC-42A3-9474-1A3956D46DE8}") = "2020", "2020", "{9C778ED6-B70B-4332-9B51-5680D89EFACA}"
EndProject
Project("{2150E333-8FDC-42A3-9474-1A3956D46DE8}") = "2015", "2015", "{A8AF597F-A8D4-4B6B-BD2F-1D9DB4BEA253}"
EndProject
Project("{9A19103F-16F7-4668-BE54-9A1E7A4F7556}") = "2015-25", "2015-25\2015-25.csproj", "{470E2681-FE1A-41F6-A346-C08B48CBC95E}"
EndProject
Project("{9A19103F-16F7-4668-BE54-9A1E7A4F7556}") = "2015-01", "2015-01\2015-01.csproj", "{162FEC93-FA5A-4044-ADCE-EF7DCA14CCAB}"
EndProject
Project("{9A19103F-16F7-4668-BE54-9A1E7A4F7556}") = "2015-02", "2015-02\2015-02.csproj", "{E9265AD9-6FEC-4628-87F7-0C7DD4B63954}"
EndProject
Project("{9A19103F-16F7-4668-BE54-9A1E7A4F7556}") = "2015-03", "2015-03\2015-03.csproj", "{969C1665-0BDA-4EA7-990C-12F4F2B83E27}"
EndProject
Project("{9A19103F-16F7-4668-BE54-9A1E7A4F7556}") = "2015-04", "2015-04\2015-04.csproj", "{F1A32237-8CB8-403A-A009-E40105DCBA26}"
EndProject
Project("{9A19103F-16F7-4668-BE54-9A1E7A4F7556}") = "2020-08", "2020-08\2020-08.csproj", "{8EE2E501-777C-4048-BA16-32992275E18F}"
EndProject
Project("{9A19103F-16F7-4668-BE54-9A1E7A4F7556}") = "2015-05", "2015-05\2015-05.csproj", "{F5EA8E04-5E35-43FA-AF93-08661DB7BD64}"
EndProject
Project("{9A19103F-16F7-4668-BE54-9A1E7A4F7556}") = "2015-06", "2015-06\2015-06.csproj", "{C3FC152A-6ADF-401D-A45B-09E6D44C1164}"
EndProject
Project("{9A19103F-16F7-4668-BE54-9A1E7A4F7556}") = "2015-07", "2015-07\2015-07.csproj", "{C63B1CE3-5360-4D58-8638-D0A06063505C}"
EndProject
Project("{9A19103F-16F7-4668-BE54-9A1E7A4F7556}") = "2020-09", "2020-09\2020-09.csproj", "{C99AFBDA-46C9-4632-A20E-1C729AE4336B}"
EndProject
Project("{9A19103F-16F7-4668-BE54-9A1E7A4F7556}") = "2015-08", "2015-08\2015-08.csproj", "{4EEC63FE-B09B-41D2-B4C4-C1688BAD9F22}"
EndProject
Project("{9A19103F-16F7-4668-BE54-9A1E7A4F7556}") = "2015-09", "2015-09\2015-09.csproj", "{02025156-F199-4E6C-AE7F-EBCF8CB5A8C0}"
EndProject
Project("{9A19103F-16F7-4668-BE54-9A1E7A4F7556}") = "2015-10", "2015-10\2015-10.csproj", "{E19CFFE4-20B8-4903-A67E-9139A7DECF67}"
EndProject
Project("{9A19103F-16F7-4668-BE54-9A1E7A4F7556}") = "2015-11", "2015-11\2015-11.csproj", "{B863930D-9C47-41DE-A64E-D26FAD33396C}"
EndProject
Project("{9A19103F-16F7-4668-BE54-9A1E7A4F7556}") = "2015-12", "2015-12\2015-12.csproj", "{327EED50-11B7-45AF-837D-370E191BD3CD}"
EndProject
Project("{9A19103F-16F7-4668-BE54-9A1E7A4F7556}") = "2020-10", "2020-10\2020-10.csproj", "{FB6916F6-3751-40F5-B29D-F5027F4D0B3A}"
EndProject
Project("{9A19103F-16F7-4668-BE54-9A1E7A4F7556}") = "2015-13", "2015-13\2015-13.csproj", "{2F4EE43A-F89C-4502-A3FF-7A627F56D1F7}"
EndProject
Project("{9A19103F-16F7-4668-BE54-9A1E7A4F7556}") = "2015-14", "2015-14\2015-14.csproj", "{365E96A0-081B-49BA-B8ED-9F8887D188B3}"
EndProject
Project("{9A19103F-16F7-4668-BE54-9A1E7A4F7556}") = "2015-15", "2015-15\2015-15.csproj", "{C79BF43A-DB7B-4C8F-BC17-D59DBF27F189}"
EndProject
Project("{9A19103F-16F7-4668-BE54-9A1E7A4F7556}") = "2015-16", "2015-16\2015-16.csproj", "{75CBDCB1-2211-4944-9D2C-051A8FA9326A}"
EndProject
Project("{9A19103F-16F7-4668-BE54-9A1E7A4F7556}") = "2015-17", "2015-17\2015-17.csproj", "{16A87BEE-1116-4F3B-82B8-80E831A9C85B}"
EndProject
Project("{9A19103F-16F7-4668-BE54-9A1E7A4F7556}") = "2020-11", "2020-11\2020-11.csproj", "{67406399-8C7F-4B2C-B42D-75B5CB83AAA5}"
EndProject
Project("{9A19103F-16F7-4668-BE54-9A1E7A4F7556}") = "2015-18", "2015-18\2015-18.csproj", "{3F6F63A4-F7CB-4D55-B8B2-8860232BF1F9}"
EndProject
Project("{9A19103F-16F7-4668-BE54-9A1E7A4F7556}") = "2015-19", "2015-19\2015-19.csproj", "{C5D87339-C23B-4DDC-87A7-4BE986B795C7}"
EndProject
Project("{9A19103F-16F7-4668-BE54-9A1E7A4F7556}") = "2020-12", "2020-12\2020-12.csproj", "{D551A24E-8389-4450-94B8-3534B0BE556A}"
EndProject
Project("{9A19103F-16F7-4668-BE54-9A1E7A4F7556}") = "2020-13", "2020-13\2020-13.csproj", "{DD981A72-6D36-4928-A9DA-BF4C83A6C5F0}"
EndProject
Project("{9A19103F-16F7-4668-BE54-9A1E7A4F7556}") = "2020-14", "2020-14\2020-14.csproj", "{4846FFD9-5E61-482E-B904-80756B25DC1D}"
EndProject
Project("{9A19103F-16F7-4668-BE54-9A1E7A4F7556}") = "2020-15", "2020-15\2020-15.csproj", "{85864911-8CED-4307-9C21-552FD725CD9F}"
EndProject
Project("{9A19103F-16F7-4668-BE54-9A1E7A4F7556}") = "2015-20", "2015-20\2015-20.csproj", "{8268C5D6-4B29-4DC4-AE52-4CC0C6779990}"
EndProject
Project("{9A19103F-16F7-4668-BE54-9A1E7A4F7556}") = "2015-21", "2015-21\2015-21.csproj", "{DD87A5C9-3F17-4E13-816D-0B42E7E39F5C}"
EndProject
Project("{9A19103F-16F7-4668-BE54-9A1E7A4F7556}") = "2020-16", "2020-16\2020-16.csproj", "{22640666-BD19-4DDA-9BF7-9EAC0F3B4EC7}"
EndProject
Project("{9A19103F-16F7-4668-BE54-9A1E7A4F7556}") = "2015-23", "2015-23\2015-23.csproj", "{72CF9CFD-954A-49AE-882F-6369D4AE0C1B}"
EndProject
Project("{9A19103F-16F7-4668-BE54-9A1E7A4F7556}") = "2015-24", "2015-24\2015-24.csproj", "{F800AF91-1A8F-4801-BFD7-152AC6C8189C}"
EndProject
Project("{9A19103F-16F7-4668-BE54-9A1E7A4F7556}") = "2015-22", "2015-22\2015-22.csproj", "{A9FD3D7A-97EC-4BAB-971F-D42362766AFE}"
EndProject
Project("{9A19103F-16F7-4668-BE54-9A1E7A4F7556}") = "2020-17", "2020-17\2020-17.csproj", "{B38750D1-A2E9-46ED-A3B1-F5ED4097E3BD}"
EndProject
Project("{2150E333-8FDC-42A3-9474-1A3956D46DE8}") = "2016", "2016", "{E9173701-3876-4E8E-B02A-E80FA19F21B1}"
EndProject
Project("{9A19103F-16F7-4668-BE54-9A1E7A4F7556}") = "2016-01", "2016-01\2016-01.csproj", "{97C69913-3D0E-4177-87BA-7B6D01F32D6E}"
EndProject
Project("{9A19103F-16F7-4668-BE54-9A1E7A4F7556}") = "2016-02", "2016-02\2016-02.csproj", "{54BA8919-7189-4C52-BC2F-FC50BDF189CE}"
EndProject
Project("{9A19103F-16F7-4668-BE54-9A1E7A4F7556}") = "2016-03", "2016-03\2016-03.csproj", "{F036D5FE-9220-4312-92E6-7C8BB674CF8F}"
EndProject
Project("{9A19103F-16F7-4668-BE54-9A1E7A4F7556}") = "2016-04", "2016-04\2016-04.csproj", "{4DAB2419-041D-42A7-80ED-1FB9D5BC7755}"
EndProject
Project("{9A19103F-16F7-4668-BE54-9A1E7A4F7556}") = "2016-05", "2016-05\2016-05.csproj", "{401706E8-B502-44CA-8A94-39AB9CD3200F}"
EndProject
Project("{9A19103F-16F7-4668-BE54-9A1E7A4F7556}") = "2020-18", "2020-18\2020-18.csproj", "{742F3BD4-73B4-4B73-A2CC-ED85C7D45CEF}"
EndProject
Project("{9A19103F-16F7-4668-BE54-9A1E7A4F7556}") = "2016-06", "2016-06\2016-06.csproj", "{063578B0-0D58-4DCC-A6EF-8E8F213822BA}"
EndProject
Project("{9A19103F-16F7-4668-BE54-9A1E7A4F7556}") = "2016-07", "2016-07\2016-07.csproj", "{D39E4026-72C9-41BB-9706-62E2585CB399}"
EndProject
Project("{9A19103F-16F7-4668-BE54-9A1E7A4F7556}") = "2016-08", "2016-08\2016-08.csproj", "{CBA2CAA8-8D75-4ABA-863F-C5D6334905BE}"
EndProject
Project("{9A19103F-16F7-4668-BE54-9A1E7A4F7556}") = "2016-09", "2016-09\2016-09.csproj", "{2EAC8863-B7BB-436F-A3FD-CE7CC6475BD6}"
EndProject
Project("{9A19103F-16F7-4668-BE54-9A1E7A4F7556}") = "2020-19", "2020-19\2020-19.csproj", "{CCB20742-0F90-4071-B5E1-54CFF8C8FA04}"
EndProject
Project("{9A19103F-16F7-4668-BE54-9A1E7A4F7556}") = "2020-20", "2020-20\2020-20.csproj", "{1E9C6E7E-3DF6-468D-BD84-1F5910A3F2A0}"
EndProject
Project("{9A19103F-16F7-4668-BE54-9A1E7A4F7556}") = "2020-21", "2020-21\2020-21.csproj", "{3CFD00EF-D134-4E77-9A04-2EFB551A0F88}"
EndProject
Project("{9A19103F-16F7-4668-BE54-9A1E7A4F7556}") = "2016-10", "2016-10\2016-10.csproj", "{8C69FABE-61A0-44C7-AF64-DDAB158F0FC2}"
EndProject
Project("{9A19103F-16F7-4668-BE54-9A1E7A4F7556}") = "2020-22", "2020-22\2020-22.csproj", "{5F100331-3108-47C3-8A33-8CD5463ACEC1}"
EndProject
Project("{9A19103F-16F7-4668-BE54-9A1E7A4F7556}") = "2020-23", "2020-23\2020-23.csproj", "{F2294919-4975-4443-B88A-4F3CC5679AB5}"
EndProject
Project("{9A19103F-16F7-4668-BE54-9A1E7A4F7556}") = "2020-24", "2020-24\2020-24.csproj", "{8D82FBAE-0E02-4522-8701-C3ABB200B80C}"
EndProject
Project("{9A19103F-16F7-4668-BE54-9A1E7A4F7556}") = "2020-25", "2020-25\2020-25.csproj", "{537040DB-5AEA-48E8-93EB-19661F74BF90}"
EndProject
Project("{FAE04EC0-301F-11D3-BF4B-00C04F79EFBC}") = "2016-11", "2016-11\2016-11.csproj", "{39DF951C-9BFA-48D5-8D9B-A4A9C4C2DE9D}"
EndProject
Global
	GlobalSection(SolutionConfigurationPlatforms) = preSolution
		Debug|Any CPU = Debug|Any CPU
		Release|Any CPU = Release|Any CPU
	EndGlobalSection
	GlobalSection(ProjectConfigurationPlatforms) = postSolution
		{C97A0D8D-307D-4B8C-8338-4C417F6C329E}.Debug|Any CPU.ActiveCfg = Debug|Any CPU
		{C97A0D8D-307D-4B8C-8338-4C417F6C329E}.Debug|Any CPU.Build.0 = Debug|Any CPU
		{C97A0D8D-307D-4B8C-8338-4C417F6C329E}.Release|Any CPU.ActiveCfg = Release|Any CPU
		{C97A0D8D-307D-4B8C-8338-4C417F6C329E}.Release|Any CPU.Build.0 = Release|Any CPU
		{6A38588D-BE0E-4DAF-9326-C16205253F15}.Debug|Any CPU.ActiveCfg = Debug|Any CPU
		{6A38588D-BE0E-4DAF-9326-C16205253F15}.Debug|Any CPU.Build.0 = Debug|Any CPU
		{6A38588D-BE0E-4DAF-9326-C16205253F15}.Release|Any CPU.ActiveCfg = Release|Any CPU
		{6A38588D-BE0E-4DAF-9326-C16205253F15}.Release|Any CPU.Build.0 = Release|Any CPU
		{F3DCE64D-30DE-40B0-8104-DC8139BECE6E}.Debug|Any CPU.ActiveCfg = Debug|Any CPU
		{F3DCE64D-30DE-40B0-8104-DC8139BECE6E}.Debug|Any CPU.Build.0 = Debug|Any CPU
		{F3DCE64D-30DE-40B0-8104-DC8139BECE6E}.Release|Any CPU.ActiveCfg = Release|Any CPU
		{F3DCE64D-30DE-40B0-8104-DC8139BECE6E}.Release|Any CPU.Build.0 = Release|Any CPU
		{CEE3E3B4-5970-42DD-A56C-9EBBBCC93A37}.Debug|Any CPU.ActiveCfg = Debug|Any CPU
		{CEE3E3B4-5970-42DD-A56C-9EBBBCC93A37}.Debug|Any CPU.Build.0 = Debug|Any CPU
		{CEE3E3B4-5970-42DD-A56C-9EBBBCC93A37}.Release|Any CPU.ActiveCfg = Release|Any CPU
		{CEE3E3B4-5970-42DD-A56C-9EBBBCC93A37}.Release|Any CPU.Build.0 = Release|Any CPU
		{62948221-A868-4393-86F1-56D4B3FB5462}.Debug|Any CPU.ActiveCfg = Debug|Any CPU
		{62948221-A868-4393-86F1-56D4B3FB5462}.Debug|Any CPU.Build.0 = Debug|Any CPU
		{62948221-A868-4393-86F1-56D4B3FB5462}.Release|Any CPU.ActiveCfg = Release|Any CPU
		{62948221-A868-4393-86F1-56D4B3FB5462}.Release|Any CPU.Build.0 = Release|Any CPU
		{6D1C9B91-052F-45AD-AF01-989BB697B2B5}.Debug|Any CPU.ActiveCfg = Debug|Any CPU
		{6D1C9B91-052F-45AD-AF01-989BB697B2B5}.Debug|Any CPU.Build.0 = Debug|Any CPU
		{6D1C9B91-052F-45AD-AF01-989BB697B2B5}.Release|Any CPU.ActiveCfg = Release|Any CPU
		{6D1C9B91-052F-45AD-AF01-989BB697B2B5}.Release|Any CPU.Build.0 = Release|Any CPU
		{147E7BD4-3289-4E36-A411-8CCEA3FB3C41}.Debug|Any CPU.ActiveCfg = Debug|Any CPU
		{147E7BD4-3289-4E36-A411-8CCEA3FB3C41}.Debug|Any CPU.Build.0 = Debug|Any CPU
		{147E7BD4-3289-4E36-A411-8CCEA3FB3C41}.Release|Any CPU.ActiveCfg = Release|Any CPU
		{147E7BD4-3289-4E36-A411-8CCEA3FB3C41}.Release|Any CPU.Build.0 = Release|Any CPU
		{E552833F-C195-429E-97BA-2E73CC8254D0}.Debug|Any CPU.ActiveCfg = Debug|Any CPU
		{E552833F-C195-429E-97BA-2E73CC8254D0}.Debug|Any CPU.Build.0 = Debug|Any CPU
		{E552833F-C195-429E-97BA-2E73CC8254D0}.Release|Any CPU.ActiveCfg = Release|Any CPU
		{E552833F-C195-429E-97BA-2E73CC8254D0}.Release|Any CPU.Build.0 = Release|Any CPU
		{470E2681-FE1A-41F6-A346-C08B48CBC95E}.Debug|Any CPU.ActiveCfg = Debug|Any CPU
		{470E2681-FE1A-41F6-A346-C08B48CBC95E}.Debug|Any CPU.Build.0 = Debug|Any CPU
		{470E2681-FE1A-41F6-A346-C08B48CBC95E}.Release|Any CPU.ActiveCfg = Release|Any CPU
		{470E2681-FE1A-41F6-A346-C08B48CBC95E}.Release|Any CPU.Build.0 = Release|Any CPU
		{162FEC93-FA5A-4044-ADCE-EF7DCA14CCAB}.Debug|Any CPU.ActiveCfg = Debug|Any CPU
		{162FEC93-FA5A-4044-ADCE-EF7DCA14CCAB}.Debug|Any CPU.Build.0 = Debug|Any CPU
		{162FEC93-FA5A-4044-ADCE-EF7DCA14CCAB}.Release|Any CPU.ActiveCfg = Release|Any CPU
		{162FEC93-FA5A-4044-ADCE-EF7DCA14CCAB}.Release|Any CPU.Build.0 = Release|Any CPU
		{E9265AD9-6FEC-4628-87F7-0C7DD4B63954}.Debug|Any CPU.ActiveCfg = Debug|Any CPU
		{E9265AD9-6FEC-4628-87F7-0C7DD4B63954}.Debug|Any CPU.Build.0 = Debug|Any CPU
		{E9265AD9-6FEC-4628-87F7-0C7DD4B63954}.Release|Any CPU.ActiveCfg = Release|Any CPU
		{E9265AD9-6FEC-4628-87F7-0C7DD4B63954}.Release|Any CPU.Build.0 = Release|Any CPU
		{969C1665-0BDA-4EA7-990C-12F4F2B83E27}.Debug|Any CPU.ActiveCfg = Debug|Any CPU
		{969C1665-0BDA-4EA7-990C-12F4F2B83E27}.Debug|Any CPU.Build.0 = Debug|Any CPU
		{969C1665-0BDA-4EA7-990C-12F4F2B83E27}.Release|Any CPU.ActiveCfg = Release|Any CPU
		{969C1665-0BDA-4EA7-990C-12F4F2B83E27}.Release|Any CPU.Build.0 = Release|Any CPU
		{F1A32237-8CB8-403A-A009-E40105DCBA26}.Debug|Any CPU.ActiveCfg = Debug|Any CPU
		{F1A32237-8CB8-403A-A009-E40105DCBA26}.Debug|Any CPU.Build.0 = Debug|Any CPU
		{F1A32237-8CB8-403A-A009-E40105DCBA26}.Release|Any CPU.ActiveCfg = Release|Any CPU
		{F1A32237-8CB8-403A-A009-E40105DCBA26}.Release|Any CPU.Build.0 = Release|Any CPU
		{8EE2E501-777C-4048-BA16-32992275E18F}.Debug|Any CPU.ActiveCfg = Debug|Any CPU
		{8EE2E501-777C-4048-BA16-32992275E18F}.Debug|Any CPU.Build.0 = Debug|Any CPU
		{8EE2E501-777C-4048-BA16-32992275E18F}.Release|Any CPU.ActiveCfg = Release|Any CPU
		{8EE2E501-777C-4048-BA16-32992275E18F}.Release|Any CPU.Build.0 = Release|Any CPU
		{F5EA8E04-5E35-43FA-AF93-08661DB7BD64}.Debug|Any CPU.ActiveCfg = Debug|Any CPU
		{F5EA8E04-5E35-43FA-AF93-08661DB7BD64}.Debug|Any CPU.Build.0 = Debug|Any CPU
		{F5EA8E04-5E35-43FA-AF93-08661DB7BD64}.Release|Any CPU.ActiveCfg = Release|Any CPU
		{F5EA8E04-5E35-43FA-AF93-08661DB7BD64}.Release|Any CPU.Build.0 = Release|Any CPU
		{C3FC152A-6ADF-401D-A45B-09E6D44C1164}.Debug|Any CPU.ActiveCfg = Debug|Any CPU
		{C3FC152A-6ADF-401D-A45B-09E6D44C1164}.Debug|Any CPU.Build.0 = Debug|Any CPU
		{C3FC152A-6ADF-401D-A45B-09E6D44C1164}.Release|Any CPU.ActiveCfg = Release|Any CPU
		{C3FC152A-6ADF-401D-A45B-09E6D44C1164}.Release|Any CPU.Build.0 = Release|Any CPU
		{C63B1CE3-5360-4D58-8638-D0A06063505C}.Debug|Any CPU.ActiveCfg = Debug|Any CPU
		{C63B1CE3-5360-4D58-8638-D0A06063505C}.Debug|Any CPU.Build.0 = Debug|Any CPU
		{C63B1CE3-5360-4D58-8638-D0A06063505C}.Release|Any CPU.ActiveCfg = Release|Any CPU
		{C63B1CE3-5360-4D58-8638-D0A06063505C}.Release|Any CPU.Build.0 = Release|Any CPU
		{C99AFBDA-46C9-4632-A20E-1C729AE4336B}.Debug|Any CPU.ActiveCfg = Debug|Any CPU
		{C99AFBDA-46C9-4632-A20E-1C729AE4336B}.Debug|Any CPU.Build.0 = Debug|Any CPU
		{C99AFBDA-46C9-4632-A20E-1C729AE4336B}.Release|Any CPU.ActiveCfg = Release|Any CPU
		{C99AFBDA-46C9-4632-A20E-1C729AE4336B}.Release|Any CPU.Build.0 = Release|Any CPU
		{4EEC63FE-B09B-41D2-B4C4-C1688BAD9F22}.Debug|Any CPU.ActiveCfg = Debug|Any CPU
		{4EEC63FE-B09B-41D2-B4C4-C1688BAD9F22}.Debug|Any CPU.Build.0 = Debug|Any CPU
		{4EEC63FE-B09B-41D2-B4C4-C1688BAD9F22}.Release|Any CPU.ActiveCfg = Release|Any CPU
		{4EEC63FE-B09B-41D2-B4C4-C1688BAD9F22}.Release|Any CPU.Build.0 = Release|Any CPU
		{02025156-F199-4E6C-AE7F-EBCF8CB5A8C0}.Debug|Any CPU.ActiveCfg = Debug|Any CPU
		{02025156-F199-4E6C-AE7F-EBCF8CB5A8C0}.Debug|Any CPU.Build.0 = Debug|Any CPU
		{02025156-F199-4E6C-AE7F-EBCF8CB5A8C0}.Release|Any CPU.ActiveCfg = Release|Any CPU
		{02025156-F199-4E6C-AE7F-EBCF8CB5A8C0}.Release|Any CPU.Build.0 = Release|Any CPU
		{E19CFFE4-20B8-4903-A67E-9139A7DECF67}.Debug|Any CPU.ActiveCfg = Debug|Any CPU
		{E19CFFE4-20B8-4903-A67E-9139A7DECF67}.Debug|Any CPU.Build.0 = Debug|Any CPU
		{E19CFFE4-20B8-4903-A67E-9139A7DECF67}.Release|Any CPU.ActiveCfg = Release|Any CPU
		{E19CFFE4-20B8-4903-A67E-9139A7DECF67}.Release|Any CPU.Build.0 = Release|Any CPU
		{B863930D-9C47-41DE-A64E-D26FAD33396C}.Debug|Any CPU.ActiveCfg = Debug|Any CPU
		{B863930D-9C47-41DE-A64E-D26FAD33396C}.Debug|Any CPU.Build.0 = Debug|Any CPU
		{B863930D-9C47-41DE-A64E-D26FAD33396C}.Release|Any CPU.ActiveCfg = Release|Any CPU
		{B863930D-9C47-41DE-A64E-D26FAD33396C}.Release|Any CPU.Build.0 = Release|Any CPU
		{327EED50-11B7-45AF-837D-370E191BD3CD}.Debug|Any CPU.ActiveCfg = Debug|Any CPU
		{327EED50-11B7-45AF-837D-370E191BD3CD}.Debug|Any CPU.Build.0 = Debug|Any CPU
		{327EED50-11B7-45AF-837D-370E191BD3CD}.Release|Any CPU.ActiveCfg = Release|Any CPU
		{327EED50-11B7-45AF-837D-370E191BD3CD}.Release|Any CPU.Build.0 = Release|Any CPU
		{FB6916F6-3751-40F5-B29D-F5027F4D0B3A}.Debug|Any CPU.ActiveCfg = Debug|Any CPU
		{FB6916F6-3751-40F5-B29D-F5027F4D0B3A}.Debug|Any CPU.Build.0 = Debug|Any CPU
		{FB6916F6-3751-40F5-B29D-F5027F4D0B3A}.Release|Any CPU.ActiveCfg = Release|Any CPU
		{FB6916F6-3751-40F5-B29D-F5027F4D0B3A}.Release|Any CPU.Build.0 = Release|Any CPU
		{2F4EE43A-F89C-4502-A3FF-7A627F56D1F7}.Debug|Any CPU.ActiveCfg = Debug|Any CPU
		{2F4EE43A-F89C-4502-A3FF-7A627F56D1F7}.Debug|Any CPU.Build.0 = Debug|Any CPU
		{2F4EE43A-F89C-4502-A3FF-7A627F56D1F7}.Release|Any CPU.ActiveCfg = Release|Any CPU
		{2F4EE43A-F89C-4502-A3FF-7A627F56D1F7}.Release|Any CPU.Build.0 = Release|Any CPU
		{365E96A0-081B-49BA-B8ED-9F8887D188B3}.Debug|Any CPU.ActiveCfg = Debug|Any CPU
		{365E96A0-081B-49BA-B8ED-9F8887D188B3}.Debug|Any CPU.Build.0 = Debug|Any CPU
		{365E96A0-081B-49BA-B8ED-9F8887D188B3}.Release|Any CPU.ActiveCfg = Release|Any CPU
		{365E96A0-081B-49BA-B8ED-9F8887D188B3}.Release|Any CPU.Build.0 = Release|Any CPU
		{C79BF43A-DB7B-4C8F-BC17-D59DBF27F189}.Debug|Any CPU.ActiveCfg = Debug|Any CPU
		{C79BF43A-DB7B-4C8F-BC17-D59DBF27F189}.Debug|Any CPU.Build.0 = Debug|Any CPU
		{C79BF43A-DB7B-4C8F-BC17-D59DBF27F189}.Release|Any CPU.ActiveCfg = Release|Any CPU
		{C79BF43A-DB7B-4C8F-BC17-D59DBF27F189}.Release|Any CPU.Build.0 = Release|Any CPU
		{75CBDCB1-2211-4944-9D2C-051A8FA9326A}.Debug|Any CPU.ActiveCfg = Debug|Any CPU
		{75CBDCB1-2211-4944-9D2C-051A8FA9326A}.Debug|Any CPU.Build.0 = Debug|Any CPU
		{75CBDCB1-2211-4944-9D2C-051A8FA9326A}.Release|Any CPU.ActiveCfg = Release|Any CPU
		{75CBDCB1-2211-4944-9D2C-051A8FA9326A}.Release|Any CPU.Build.0 = Release|Any CPU
		{16A87BEE-1116-4F3B-82B8-80E831A9C85B}.Debug|Any CPU.ActiveCfg = Debug|Any CPU
		{16A87BEE-1116-4F3B-82B8-80E831A9C85B}.Debug|Any CPU.Build.0 = Debug|Any CPU
		{16A87BEE-1116-4F3B-82B8-80E831A9C85B}.Release|Any CPU.ActiveCfg = Release|Any CPU
		{16A87BEE-1116-4F3B-82B8-80E831A9C85B}.Release|Any CPU.Build.0 = Release|Any CPU
		{67406399-8C7F-4B2C-B42D-75B5CB83AAA5}.Debug|Any CPU.ActiveCfg = Debug|Any CPU
		{67406399-8C7F-4B2C-B42D-75B5CB83AAA5}.Debug|Any CPU.Build.0 = Debug|Any CPU
		{67406399-8C7F-4B2C-B42D-75B5CB83AAA5}.Release|Any CPU.ActiveCfg = Release|Any CPU
		{67406399-8C7F-4B2C-B42D-75B5CB83AAA5}.Release|Any CPU.Build.0 = Release|Any CPU
		{3F6F63A4-F7CB-4D55-B8B2-8860232BF1F9}.Debug|Any CPU.ActiveCfg = Debug|Any CPU
		{3F6F63A4-F7CB-4D55-B8B2-8860232BF1F9}.Debug|Any CPU.Build.0 = Debug|Any CPU
		{3F6F63A4-F7CB-4D55-B8B2-8860232BF1F9}.Release|Any CPU.ActiveCfg = Release|Any CPU
		{3F6F63A4-F7CB-4D55-B8B2-8860232BF1F9}.Release|Any CPU.Build.0 = Release|Any CPU
		{C5D87339-C23B-4DDC-87A7-4BE986B795C7}.Debug|Any CPU.ActiveCfg = Debug|Any CPU
		{C5D87339-C23B-4DDC-87A7-4BE986B795C7}.Debug|Any CPU.Build.0 = Debug|Any CPU
		{C5D87339-C23B-4DDC-87A7-4BE986B795C7}.Release|Any CPU.ActiveCfg = Release|Any CPU
		{C5D87339-C23B-4DDC-87A7-4BE986B795C7}.Release|Any CPU.Build.0 = Release|Any CPU
		{D551A24E-8389-4450-94B8-3534B0BE556A}.Debug|Any CPU.ActiveCfg = Debug|Any CPU
		{D551A24E-8389-4450-94B8-3534B0BE556A}.Debug|Any CPU.Build.0 = Debug|Any CPU
		{D551A24E-8389-4450-94B8-3534B0BE556A}.Release|Any CPU.ActiveCfg = Release|Any CPU
		{D551A24E-8389-4450-94B8-3534B0BE556A}.Release|Any CPU.Build.0 = Release|Any CPU
		{DD981A72-6D36-4928-A9DA-BF4C83A6C5F0}.Debug|Any CPU.ActiveCfg = Debug|Any CPU
		{DD981A72-6D36-4928-A9DA-BF4C83A6C5F0}.Debug|Any CPU.Build.0 = Debug|Any CPU
		{DD981A72-6D36-4928-A9DA-BF4C83A6C5F0}.Release|Any CPU.ActiveCfg = Release|Any CPU
		{DD981A72-6D36-4928-A9DA-BF4C83A6C5F0}.Release|Any CPU.Build.0 = Release|Any CPU
		{4846FFD9-5E61-482E-B904-80756B25DC1D}.Debug|Any CPU.ActiveCfg = Debug|Any CPU
		{4846FFD9-5E61-482E-B904-80756B25DC1D}.Debug|Any CPU.Build.0 = Debug|Any CPU
		{4846FFD9-5E61-482E-B904-80756B25DC1D}.Release|Any CPU.ActiveCfg = Release|Any CPU
		{4846FFD9-5E61-482E-B904-80756B25DC1D}.Release|Any CPU.Build.0 = Release|Any CPU
		{85864911-8CED-4307-9C21-552FD725CD9F}.Debug|Any CPU.ActiveCfg = Debug|Any CPU
		{85864911-8CED-4307-9C21-552FD725CD9F}.Debug|Any CPU.Build.0 = Debug|Any CPU
		{85864911-8CED-4307-9C21-552FD725CD9F}.Release|Any CPU.ActiveCfg = Release|Any CPU
		{85864911-8CED-4307-9C21-552FD725CD9F}.Release|Any CPU.Build.0 = Release|Any CPU
		{8268C5D6-4B29-4DC4-AE52-4CC0C6779990}.Debug|Any CPU.ActiveCfg = Debug|Any CPU
		{8268C5D6-4B29-4DC4-AE52-4CC0C6779990}.Debug|Any CPU.Build.0 = Debug|Any CPU
		{8268C5D6-4B29-4DC4-AE52-4CC0C6779990}.Release|Any CPU.ActiveCfg = Release|Any CPU
		{8268C5D6-4B29-4DC4-AE52-4CC0C6779990}.Release|Any CPU.Build.0 = Release|Any CPU
		{DD87A5C9-3F17-4E13-816D-0B42E7E39F5C}.Debug|Any CPU.ActiveCfg = Debug|Any CPU
		{DD87A5C9-3F17-4E13-816D-0B42E7E39F5C}.Debug|Any CPU.Build.0 = Debug|Any CPU
		{DD87A5C9-3F17-4E13-816D-0B42E7E39F5C}.Release|Any CPU.ActiveCfg = Release|Any CPU
		{DD87A5C9-3F17-4E13-816D-0B42E7E39F5C}.Release|Any CPU.Build.0 = Release|Any CPU
		{22640666-BD19-4DDA-9BF7-9EAC0F3B4EC7}.Debug|Any CPU.ActiveCfg = Debug|Any CPU
		{22640666-BD19-4DDA-9BF7-9EAC0F3B4EC7}.Debug|Any CPU.Build.0 = Debug|Any CPU
		{22640666-BD19-4DDA-9BF7-9EAC0F3B4EC7}.Release|Any CPU.ActiveCfg = Release|Any CPU
		{22640666-BD19-4DDA-9BF7-9EAC0F3B4EC7}.Release|Any CPU.Build.0 = Release|Any CPU
		{72CF9CFD-954A-49AE-882F-6369D4AE0C1B}.Debug|Any CPU.ActiveCfg = Debug|Any CPU
		{72CF9CFD-954A-49AE-882F-6369D4AE0C1B}.Debug|Any CPU.Build.0 = Debug|Any CPU
		{72CF9CFD-954A-49AE-882F-6369D4AE0C1B}.Release|Any CPU.ActiveCfg = Release|Any CPU
		{72CF9CFD-954A-49AE-882F-6369D4AE0C1B}.Release|Any CPU.Build.0 = Release|Any CPU
		{F800AF91-1A8F-4801-BFD7-152AC6C8189C}.Debug|Any CPU.ActiveCfg = Debug|Any CPU
		{F800AF91-1A8F-4801-BFD7-152AC6C8189C}.Debug|Any CPU.Build.0 = Debug|Any CPU
		{F800AF91-1A8F-4801-BFD7-152AC6C8189C}.Release|Any CPU.ActiveCfg = Release|Any CPU
		{F800AF91-1A8F-4801-BFD7-152AC6C8189C}.Release|Any CPU.Build.0 = Release|Any CPU
		{A9FD3D7A-97EC-4BAB-971F-D42362766AFE}.Debug|Any CPU.ActiveCfg = Debug|Any CPU
		{A9FD3D7A-97EC-4BAB-971F-D42362766AFE}.Debug|Any CPU.Build.0 = Debug|Any CPU
		{A9FD3D7A-97EC-4BAB-971F-D42362766AFE}.Release|Any CPU.ActiveCfg = Release|Any CPU
		{A9FD3D7A-97EC-4BAB-971F-D42362766AFE}.Release|Any CPU.Build.0 = Release|Any CPU
		{B38750D1-A2E9-46ED-A3B1-F5ED4097E3BD}.Debug|Any CPU.ActiveCfg = Debug|Any CPU
		{B38750D1-A2E9-46ED-A3B1-F5ED4097E3BD}.Debug|Any CPU.Build.0 = Debug|Any CPU
		{B38750D1-A2E9-46ED-A3B1-F5ED4097E3BD}.Release|Any CPU.ActiveCfg = Release|Any CPU
		{B38750D1-A2E9-46ED-A3B1-F5ED4097E3BD}.Release|Any CPU.Build.0 = Release|Any CPU
		{97C69913-3D0E-4177-87BA-7B6D01F32D6E}.Debug|Any CPU.ActiveCfg = Debug|Any CPU
		{97C69913-3D0E-4177-87BA-7B6D01F32D6E}.Debug|Any CPU.Build.0 = Debug|Any CPU
		{97C69913-3D0E-4177-87BA-7B6D01F32D6E}.Release|Any CPU.ActiveCfg = Release|Any CPU
		{97C69913-3D0E-4177-87BA-7B6D01F32D6E}.Release|Any CPU.Build.0 = Release|Any CPU
		{54BA8919-7189-4C52-BC2F-FC50BDF189CE}.Debug|Any CPU.ActiveCfg = Debug|Any CPU
		{54BA8919-7189-4C52-BC2F-FC50BDF189CE}.Debug|Any CPU.Build.0 = Debug|Any CPU
		{54BA8919-7189-4C52-BC2F-FC50BDF189CE}.Release|Any CPU.ActiveCfg = Release|Any CPU
		{54BA8919-7189-4C52-BC2F-FC50BDF189CE}.Release|Any CPU.Build.0 = Release|Any CPU
		{F036D5FE-9220-4312-92E6-7C8BB674CF8F}.Debug|Any CPU.ActiveCfg = Debug|Any CPU
		{F036D5FE-9220-4312-92E6-7C8BB674CF8F}.Debug|Any CPU.Build.0 = Debug|Any CPU
		{F036D5FE-9220-4312-92E6-7C8BB674CF8F}.Release|Any CPU.ActiveCfg = Release|Any CPU
		{F036D5FE-9220-4312-92E6-7C8BB674CF8F}.Release|Any CPU.Build.0 = Release|Any CPU
		{4DAB2419-041D-42A7-80ED-1FB9D5BC7755}.Debug|Any CPU.ActiveCfg = Debug|Any CPU
		{4DAB2419-041D-42A7-80ED-1FB9D5BC7755}.Debug|Any CPU.Build.0 = Debug|Any CPU
		{4DAB2419-041D-42A7-80ED-1FB9D5BC7755}.Release|Any CPU.ActiveCfg = Release|Any CPU
		{4DAB2419-041D-42A7-80ED-1FB9D5BC7755}.Release|Any CPU.Build.0 = Release|Any CPU
		{401706E8-B502-44CA-8A94-39AB9CD3200F}.Debug|Any CPU.ActiveCfg = Debug|Any CPU
		{401706E8-B502-44CA-8A94-39AB9CD3200F}.Debug|Any CPU.Build.0 = Debug|Any CPU
		{401706E8-B502-44CA-8A94-39AB9CD3200F}.Release|Any CPU.ActiveCfg = Release|Any CPU
		{401706E8-B502-44CA-8A94-39AB9CD3200F}.Release|Any CPU.Build.0 = Release|Any CPU
		{742F3BD4-73B4-4B73-A2CC-ED85C7D45CEF}.Debug|Any CPU.ActiveCfg = Debug|Any CPU
		{742F3BD4-73B4-4B73-A2CC-ED85C7D45CEF}.Debug|Any CPU.Build.0 = Debug|Any CPU
		{742F3BD4-73B4-4B73-A2CC-ED85C7D45CEF}.Release|Any CPU.ActiveCfg = Release|Any CPU
		{742F3BD4-73B4-4B73-A2CC-ED85C7D45CEF}.Release|Any CPU.Build.0 = Release|Any CPU
		{063578B0-0D58-4DCC-A6EF-8E8F213822BA}.Debug|Any CPU.ActiveCfg = Debug|Any CPU
		{063578B0-0D58-4DCC-A6EF-8E8F213822BA}.Debug|Any CPU.Build.0 = Debug|Any CPU
		{063578B0-0D58-4DCC-A6EF-8E8F213822BA}.Release|Any CPU.ActiveCfg = Release|Any CPU
		{063578B0-0D58-4DCC-A6EF-8E8F213822BA}.Release|Any CPU.Build.0 = Release|Any CPU
		{D39E4026-72C9-41BB-9706-62E2585CB399}.Debug|Any CPU.ActiveCfg = Debug|Any CPU
		{D39E4026-72C9-41BB-9706-62E2585CB399}.Debug|Any CPU.Build.0 = Debug|Any CPU
		{D39E4026-72C9-41BB-9706-62E2585CB399}.Release|Any CPU.ActiveCfg = Release|Any CPU
		{D39E4026-72C9-41BB-9706-62E2585CB399}.Release|Any CPU.Build.0 = Release|Any CPU
		{CBA2CAA8-8D75-4ABA-863F-C5D6334905BE}.Debug|Any CPU.ActiveCfg = Debug|Any CPU
		{CBA2CAA8-8D75-4ABA-863F-C5D6334905BE}.Debug|Any CPU.Build.0 = Debug|Any CPU
		{CBA2CAA8-8D75-4ABA-863F-C5D6334905BE}.Release|Any CPU.ActiveCfg = Release|Any CPU
		{CBA2CAA8-8D75-4ABA-863F-C5D6334905BE}.Release|Any CPU.Build.0 = Release|Any CPU
		{2EAC8863-B7BB-436F-A3FD-CE7CC6475BD6}.Debug|Any CPU.ActiveCfg = Debug|Any CPU
		{2EAC8863-B7BB-436F-A3FD-CE7CC6475BD6}.Debug|Any CPU.Build.0 = Debug|Any CPU
		{2EAC8863-B7BB-436F-A3FD-CE7CC6475BD6}.Release|Any CPU.ActiveCfg = Release|Any CPU
		{2EAC8863-B7BB-436F-A3FD-CE7CC6475BD6}.Release|Any CPU.Build.0 = Release|Any CPU
		{CCB20742-0F90-4071-B5E1-54CFF8C8FA04}.Debug|Any CPU.ActiveCfg = Debug|Any CPU
		{CCB20742-0F90-4071-B5E1-54CFF8C8FA04}.Debug|Any CPU.Build.0 = Debug|Any CPU
		{CCB20742-0F90-4071-B5E1-54CFF8C8FA04}.Release|Any CPU.ActiveCfg = Release|Any CPU
		{CCB20742-0F90-4071-B5E1-54CFF8C8FA04}.Release|Any CPU.Build.0 = Release|Any CPU
		{1E9C6E7E-3DF6-468D-BD84-1F5910A3F2A0}.Debug|Any CPU.ActiveCfg = Debug|Any CPU
		{1E9C6E7E-3DF6-468D-BD84-1F5910A3F2A0}.Debug|Any CPU.Build.0 = Debug|Any CPU
		{1E9C6E7E-3DF6-468D-BD84-1F5910A3F2A0}.Release|Any CPU.ActiveCfg = Release|Any CPU
		{1E9C6E7E-3DF6-468D-BD84-1F5910A3F2A0}.Release|Any CPU.Build.0 = Release|Any CPU
		{3CFD00EF-D134-4E77-9A04-2EFB551A0F88}.Debug|Any CPU.ActiveCfg = Debug|Any CPU
		{3CFD00EF-D134-4E77-9A04-2EFB551A0F88}.Debug|Any CPU.Build.0 = Debug|Any CPU
		{3CFD00EF-D134-4E77-9A04-2EFB551A0F88}.Release|Any CPU.ActiveCfg = Release|Any CPU
		{3CFD00EF-D134-4E77-9A04-2EFB551A0F88}.Release|Any CPU.Build.0 = Release|Any CPU
		{8C69FABE-61A0-44C7-AF64-DDAB158F0FC2}.Debug|Any CPU.ActiveCfg = Debug|Any CPU
		{8C69FABE-61A0-44C7-AF64-DDAB158F0FC2}.Debug|Any CPU.Build.0 = Debug|Any CPU
		{8C69FABE-61A0-44C7-AF64-DDAB158F0FC2}.Release|Any CPU.ActiveCfg = Release|Any CPU
		{8C69FABE-61A0-44C7-AF64-DDAB158F0FC2}.Release|Any CPU.Build.0 = Release|Any CPU
		{5F100331-3108-47C3-8A33-8CD5463ACEC1}.Debug|Any CPU.ActiveCfg = Debug|Any CPU
		{5F100331-3108-47C3-8A33-8CD5463ACEC1}.Debug|Any CPU.Build.0 = Debug|Any CPU
		{5F100331-3108-47C3-8A33-8CD5463ACEC1}.Release|Any CPU.ActiveCfg = Release|Any CPU
		{5F100331-3108-47C3-8A33-8CD5463ACEC1}.Release|Any CPU.Build.0 = Release|Any CPU
		{F2294919-4975-4443-B88A-4F3CC5679AB5}.Debug|Any CPU.ActiveCfg = Debug|Any CPU
		{F2294919-4975-4443-B88A-4F3CC5679AB5}.Debug|Any CPU.Build.0 = Debug|Any CPU
		{F2294919-4975-4443-B88A-4F3CC5679AB5}.Release|Any CPU.ActiveCfg = Release|Any CPU
		{F2294919-4975-4443-B88A-4F3CC5679AB5}.Release|Any CPU.Build.0 = Release|Any CPU
		{8D82FBAE-0E02-4522-8701-C3ABB200B80C}.Debug|Any CPU.ActiveCfg = Debug|Any CPU
		{8D82FBAE-0E02-4522-8701-C3ABB200B80C}.Debug|Any CPU.Build.0 = Debug|Any CPU
		{8D82FBAE-0E02-4522-8701-C3ABB200B80C}.Release|Any CPU.ActiveCfg = Release|Any CPU
		{8D82FBAE-0E02-4522-8701-C3ABB200B80C}.Release|Any CPU.Build.0 = Release|Any CPU
		{537040DB-5AEA-48E8-93EB-19661F74BF90}.Debug|Any CPU.ActiveCfg = Debug|Any CPU
		{537040DB-5AEA-48E8-93EB-19661F74BF90}.Debug|Any CPU.Build.0 = Debug|Any CPU
		{537040DB-5AEA-48E8-93EB-19661F74BF90}.Release|Any CPU.ActiveCfg = Release|Any CPU
		{537040DB-5AEA-48E8-93EB-19661F74BF90}.Release|Any CPU.Build.0 = Release|Any CPU
		{39DF951C-9BFA-48D5-8D9B-A4A9C4C2DE9D}.Debug|Any CPU.ActiveCfg = Debug|Any CPU
		{39DF951C-9BFA-48D5-8D9B-A4A9C4C2DE9D}.Debug|Any CPU.Build.0 = Debug|Any CPU
		{39DF951C-9BFA-48D5-8D9B-A4A9C4C2DE9D}.Release|Any CPU.ActiveCfg = Release|Any CPU
		{39DF951C-9BFA-48D5-8D9B-A4A9C4C2DE9D}.Release|Any CPU.Build.0 = Release|Any CPU
	EndGlobalSection
	GlobalSection(SolutionProperties) = preSolution
		HideSolutionNode = FALSE
	EndGlobalSection
	GlobalSection(NestedProjects) = preSolution
		{6A38588D-BE0E-4DAF-9326-C16205253F15} = {9C778ED6-B70B-4332-9B51-5680D89EFACA}
		{F3DCE64D-30DE-40B0-8104-DC8139BECE6E} = {9C778ED6-B70B-4332-9B51-5680D89EFACA}
		{CEE3E3B4-5970-42DD-A56C-9EBBBCC93A37} = {9C778ED6-B70B-4332-9B51-5680D89EFACA}
		{62948221-A868-4393-86F1-56D4B3FB5462} = {9C778ED6-B70B-4332-9B51-5680D89EFACA}
		{6D1C9B91-052F-45AD-AF01-989BB697B2B5} = {9C778ED6-B70B-4332-9B51-5680D89EFACA}
		{147E7BD4-3289-4E36-A411-8CCEA3FB3C41} = {9C778ED6-B70B-4332-9B51-5680D89EFACA}
		{E552833F-C195-429E-97BA-2E73CC8254D0} = {9C778ED6-B70B-4332-9B51-5680D89EFACA}
		{470E2681-FE1A-41F6-A346-C08B48CBC95E} = {A8AF597F-A8D4-4B6B-BD2F-1D9DB4BEA253}
		{162FEC93-FA5A-4044-ADCE-EF7DCA14CCAB} = {A8AF597F-A8D4-4B6B-BD2F-1D9DB4BEA253}
		{E9265AD9-6FEC-4628-87F7-0C7DD4B63954} = {A8AF597F-A8D4-4B6B-BD2F-1D9DB4BEA253}
		{969C1665-0BDA-4EA7-990C-12F4F2B83E27} = {A8AF597F-A8D4-4B6B-BD2F-1D9DB4BEA253}
		{F1A32237-8CB8-403A-A009-E40105DCBA26} = {A8AF597F-A8D4-4B6B-BD2F-1D9DB4BEA253}
		{8EE2E501-777C-4048-BA16-32992275E18F} = {9C778ED6-B70B-4332-9B51-5680D89EFACA}
		{F5EA8E04-5E35-43FA-AF93-08661DB7BD64} = {A8AF597F-A8D4-4B6B-BD2F-1D9DB4BEA253}
		{C3FC152A-6ADF-401D-A45B-09E6D44C1164} = {A8AF597F-A8D4-4B6B-BD2F-1D9DB4BEA253}
		{C63B1CE3-5360-4D58-8638-D0A06063505C} = {A8AF597F-A8D4-4B6B-BD2F-1D9DB4BEA253}
		{C99AFBDA-46C9-4632-A20E-1C729AE4336B} = {9C778ED6-B70B-4332-9B51-5680D89EFACA}
		{4EEC63FE-B09B-41D2-B4C4-C1688BAD9F22} = {A8AF597F-A8D4-4B6B-BD2F-1D9DB4BEA253}
		{02025156-F199-4E6C-AE7F-EBCF8CB5A8C0} = {A8AF597F-A8D4-4B6B-BD2F-1D9DB4BEA253}
		{E19CFFE4-20B8-4903-A67E-9139A7DECF67} = {A8AF597F-A8D4-4B6B-BD2F-1D9DB4BEA253}
		{B863930D-9C47-41DE-A64E-D26FAD33396C} = {A8AF597F-A8D4-4B6B-BD2F-1D9DB4BEA253}
		{327EED50-11B7-45AF-837D-370E191BD3CD} = {A8AF597F-A8D4-4B6B-BD2F-1D9DB4BEA253}
		{FB6916F6-3751-40F5-B29D-F5027F4D0B3A} = {9C778ED6-B70B-4332-9B51-5680D89EFACA}
		{2F4EE43A-F89C-4502-A3FF-7A627F56D1F7} = {A8AF597F-A8D4-4B6B-BD2F-1D9DB4BEA253}
		{365E96A0-081B-49BA-B8ED-9F8887D188B3} = {A8AF597F-A8D4-4B6B-BD2F-1D9DB4BEA253}
		{C79BF43A-DB7B-4C8F-BC17-D59DBF27F189} = {A8AF597F-A8D4-4B6B-BD2F-1D9DB4BEA253}
		{75CBDCB1-2211-4944-9D2C-051A8FA9326A} = {A8AF597F-A8D4-4B6B-BD2F-1D9DB4BEA253}
		{16A87BEE-1116-4F3B-82B8-80E831A9C85B} = {A8AF597F-A8D4-4B6B-BD2F-1D9DB4BEA253}
		{67406399-8C7F-4B2C-B42D-75B5CB83AAA5} = {9C778ED6-B70B-4332-9B51-5680D89EFACA}
		{3F6F63A4-F7CB-4D55-B8B2-8860232BF1F9} = {A8AF597F-A8D4-4B6B-BD2F-1D9DB4BEA253}
		{C5D87339-C23B-4DDC-87A7-4BE986B795C7} = {A8AF597F-A8D4-4B6B-BD2F-1D9DB4BEA253}
		{D551A24E-8389-4450-94B8-3534B0BE556A} = {9C778ED6-B70B-4332-9B51-5680D89EFACA}
		{DD981A72-6D36-4928-A9DA-BF4C83A6C5F0} = {9C778ED6-B70B-4332-9B51-5680D89EFACA}
		{4846FFD9-5E61-482E-B904-80756B25DC1D} = {9C778ED6-B70B-4332-9B51-5680D89EFACA}
		{85864911-8CED-4307-9C21-552FD725CD9F} = {9C778ED6-B70B-4332-9B51-5680D89EFACA}
		{8268C5D6-4B29-4DC4-AE52-4CC0C6779990} = {A8AF597F-A8D4-4B6B-BD2F-1D9DB4BEA253}
		{DD87A5C9-3F17-4E13-816D-0B42E7E39F5C} = {A8AF597F-A8D4-4B6B-BD2F-1D9DB4BEA253}
		{22640666-BD19-4DDA-9BF7-9EAC0F3B4EC7} = {9C778ED6-B70B-4332-9B51-5680D89EFACA}
		{72CF9CFD-954A-49AE-882F-6369D4AE0C1B} = {A8AF597F-A8D4-4B6B-BD2F-1D9DB4BEA253}
		{F800AF91-1A8F-4801-BFD7-152AC6C8189C} = {A8AF597F-A8D4-4B6B-BD2F-1D9DB4BEA253}
		{A9FD3D7A-97EC-4BAB-971F-D42362766AFE} = {A8AF597F-A8D4-4B6B-BD2F-1D9DB4BEA253}
		{B38750D1-A2E9-46ED-A3B1-F5ED4097E3BD} = {9C778ED6-B70B-4332-9B51-5680D89EFACA}
		{97C69913-3D0E-4177-87BA-7B6D01F32D6E} = {E9173701-3876-4E8E-B02A-E80FA19F21B1}
		{54BA8919-7189-4C52-BC2F-FC50BDF189CE} = {E9173701-3876-4E8E-B02A-E80FA19F21B1}
		{F036D5FE-9220-4312-92E6-7C8BB674CF8F} = {E9173701-3876-4E8E-B02A-E80FA19F21B1}
		{4DAB2419-041D-42A7-80ED-1FB9D5BC7755} = {E9173701-3876-4E8E-B02A-E80FA19F21B1}
		{401706E8-B502-44CA-8A94-39AB9CD3200F} = {E9173701-3876-4E8E-B02A-E80FA19F21B1}
		{742F3BD4-73B4-4B73-A2CC-ED85C7D45CEF} = {9C778ED6-B70B-4332-9B51-5680D89EFACA}
		{063578B0-0D58-4DCC-A6EF-8E8F213822BA} = {E9173701-3876-4E8E-B02A-E80FA19F21B1}
		{D39E4026-72C9-41BB-9706-62E2585CB399} = {E9173701-3876-4E8E-B02A-E80FA19F21B1}
		{CBA2CAA8-8D75-4ABA-863F-C5D6334905BE} = {E9173701-3876-4E8E-B02A-E80FA19F21B1}
		{2EAC8863-B7BB-436F-A3FD-CE7CC6475BD6} = {E9173701-3876-4E8E-B02A-E80FA19F21B1}
		{CCB20742-0F90-4071-B5E1-54CFF8C8FA04} = {9C778ED6-B70B-4332-9B51-5680D89EFACA}
		{1E9C6E7E-3DF6-468D-BD84-1F5910A3F2A0} = {9C778ED6-B70B-4332-9B51-5680D89EFACA}
		{3CFD00EF-D134-4E77-9A04-2EFB551A0F88} = {9C778ED6-B70B-4332-9B51-5680D89EFACA}
		{8C69FABE-61A0-44C7-AF64-DDAB158F0FC2} = {E9173701-3876-4E8E-B02A-E80FA19F21B1}
		{5F100331-3108-47C3-8A33-8CD5463ACEC1} = {9C778ED6-B70B-4332-9B51-5680D89EFACA}
		{F2294919-4975-4443-B88A-4F3CC5679AB5} = {9C778ED6-B70B-4332-9B51-5680D89EFACA}
		{8D82FBAE-0E02-4522-8701-C3ABB200B80C} = {9C778ED6-B70B-4332-9B51-5680D89EFACA}
		{537040DB-5AEA-48E8-93EB-19661F74BF90} = {9C778ED6-B70B-4332-9B51-5680D89EFACA}
		{39DF951C-9BFA-48D5-8D9B-A4A9C4C2DE9D} = {E9173701-3876-4E8E-B02A-E80FA19F21B1}
	EndGlobalSection
	GlobalSection(ExtensibilityGlobals) = postSolution
		SolutionGuid = {3C0CD03D-F3F4-430B-8197-3F19FFB392DA}
	EndGlobalSection
EndGlobal
