
Microsoft Visual Studio Solution File, Format Version 12.00
# Visual Studio Version 17
VisualStudioVersion = 17.0.32014.148
MinimumVisualStudioVersion = 10.0.40219.1
Project("{9A19103F-16F7-4668-BE54-9A1E7A4F7556}") = "AdventOfCode", "AdventOfCode.csproj", "{C095D4DA-053A-4006-97B0-23A10356EBE0}"
EndProject
Project("{2150E333-8FDC-42A3-9474-1A3956D46DE8}") = "Solution Items", "Solution Items", "{89A1516B-580C-4E95-A9B4-17F153368F00}"
	ProjectSection(SolutionItems) = preProject
		.editorconfig = .editorconfig
	EndProjectSection
EndProject
Global
	GlobalSection(SolutionConfigurationPlatforms) = preSolution
		Debug|Any CPU = Debug|Any CPU
		Release|Any CPU = Release|Any CPU
	EndGlobalSection
	GlobalSection(ProjectConfigurationPlatforms) = postSolution
		{C095D4DA-053A-4006-97B0-23A10356EBE0}.Debug|Any CPU.ActiveCfg = Debug|Any CPU
		{C095D4DA-053A-4006-97B0-23A10356EBE0}.Debug|Any CPU.Build.0 = Debug|Any CPU
		{C095D4DA-053A-4006-97B0-23A10356EBE0}.Release|Any CPU.ActiveCfg = Release|Any CPU
		{C095D4DA-053A-4006-97B0-23A10356EBE0}.Release|Any CPU.Build.0 = Release|Any CPU
	EndGlobalSection
	GlobalSection(SolutionProperties) = preSolution
		HideSolutionNode = FALSE
	EndGlobalSection
	GlobalSection(ExtensibilityGlobals) = postSolution
		SolutionGuid = {3C0CD03D-F3F4-430B-8197-3F19FFB392DA}
	EndGlobalSection
EndGlobal
